// !$*UTF8*$!
{
	archiveVersion = 1;
	classes = {
	};
	objectVersion = 50;
	objects = {

/* Begin PBXBuildFile section */
		DA84DA6E220BBA030036FE80 /* AppDelegate.swift in Sources */ = {isa = PBXBuildFile; fileRef = DA84DA6D220BBA030036FE80 /* AppDelegate.swift */; };
		DA84DA70220BBA030036FE80 /* ViewController.swift in Sources */ = {isa = PBXBuildFile; fileRef = DA84DA6F220BBA030036FE80 /* ViewController.swift */; };
		DA84DA73220BBA030036FE80 /* Main.storyboard in Resources */ = {isa = PBXBuildFile; fileRef = DA84DA71220BBA030036FE80 /* Main.storyboard */; };
		DA84DA75220BBA040036FE80 /* Assets.xcassets in Resources */ = {isa = PBXBuildFile; fileRef = DA84DA74220BBA040036FE80 /* Assets.xcassets */; };
		DA84DA78220BBA040036FE80 /* LaunchScreen.storyboard in Resources */ = {isa = PBXBuildFile; fileRef = DA84DA76220BBA040036FE80 /* LaunchScreen.storyboard */; };
		DA84DA81220BBA1C0036FE80 /* DynamicStackView.swift in Sources */ = {isa = PBXBuildFile; fileRef = DA84DA80220BBA1C0036FE80 /* DynamicStackView.swift */; };
		DA84DA83220BBC270036FE80 /* DynamicStackViewCell.swift in Sources */ = {isa = PBXBuildFile; fileRef = DA84DA82220BBC270036FE80 /* DynamicStackViewCell.swift */; };
		DA84DA88220BC18F0036FE80 /* MyStackViewCell.swift in Sources */ = {isa = PBXBuildFile; fileRef = DA84DA87220BC18F0036FE80 /* MyStackViewCell.swift */; };
		DA84DA8A220BC1960036FE80 /* MyStackViewCell.xib in Resources */ = {isa = PBXBuildFile; fileRef = DA84DA89220BC1960036FE80 /* MyStackViewCell.xib */; };
		DA84DA8C220BE4F40036FE80 /* HorizontalViewController.swift in Sources */ = {isa = PBXBuildFile; fileRef = DA84DA8B220BE4F40036FE80 /* HorizontalViewController.swift */; };
		DA84DA8E220BE7790036FE80 /* RankingStackViewCell.swift in Sources */ = {isa = PBXBuildFile; fileRef = DA84DA8D220BE7790036FE80 /* RankingStackViewCell.swift */; };
		DA84DA90220BE7830036FE80 /* RankingStackViewCell.xib in Resources */ = {isa = PBXBuildFile; fileRef = DA84DA8F220BE7830036FE80 /* RankingStackViewCell.xib */; };
/* End PBXBuildFile section */

/* Begin PBXFileReference section */
		DA84DA6A220BBA030036FE80 /* DynamicStackView.app */ = {isa = PBXFileReference; explicitFileType = wrapper.application; includeInIndex = 0; path = DynamicStackView.app; sourceTree = BUILT_PRODUCTS_DIR; };
		DA84DA6D220BBA030036FE80 /* AppDelegate.swift */ = {isa = PBXFileReference; lastKnownFileType = sourcecode.swift; path = AppDelegate.swift; sourceTree = "<group>"; };
		DA84DA6F220BBA030036FE80 /* ViewController.swift */ = {isa = PBXFileReference; lastKnownFileType = sourcecode.swift; path = ViewController.swift; sourceTree = "<group>"; };
		DA84DA72220BBA030036FE80 /* Base */ = {isa = PBXFileReference; lastKnownFileType = file.storyboard; name = Base; path = Base.lproj/Main.storyboard; sourceTree = "<group>"; };
		DA84DA74220BBA040036FE80 /* Assets.xcassets */ = {isa = PBXFileReference; lastKnownFileType = folder.assetcatalog; path = Assets.xcassets; sourceTree = "<group>"; };
		DA84DA77220BBA040036FE80 /* Base */ = {isa = PBXFileReference; lastKnownFileType = file.storyboard; name = Base; path = Base.lproj/LaunchScreen.storyboard; sourceTree = "<group>"; };
		DA84DA79220BBA040036FE80 /* Info.plist */ = {isa = PBXFileReference; lastKnownFileType = text.plist.xml; path = Info.plist; sourceTree = "<group>"; };
		DA84DA80220BBA1C0036FE80 /* DynamicStackView.swift */ = {isa = PBXFileReference; lastKnownFileType = sourcecode.swift; path = DynamicStackView.swift; sourceTree = "<group>"; };
		DA84DA82220BBC270036FE80 /* DynamicStackViewCell.swift */ = {isa = PBXFileReference; lastKnownFileType = sourcecode.swift; path = DynamicStackViewCell.swift; sourceTree = "<group>"; };
		DA84DA87220BC18F0036FE80 /* MyStackViewCell.swift */ = {isa = PBXFileReference; lastKnownFileType = sourcecode.swift; path = MyStackViewCell.swift; sourceTree = "<group>"; };
		DA84DA89220BC1960036FE80 /* MyStackViewCell.xib */ = {isa = PBXFileReference; lastKnownFileType = file.xib; path = MyStackViewCell.xib; sourceTree = "<group>"; };
		DA84DA8B220BE4F40036FE80 /* HorizontalViewController.swift */ = {isa = PBXFileReference; lastKnownFileType = sourcecode.swift; path = HorizontalViewController.swift; sourceTree = "<group>"; };
		DA84DA8D220BE7790036FE80 /* RankingStackViewCell.swift */ = {isa = PBXFileReference; lastKnownFileType = sourcecode.swift; path = RankingStackViewCell.swift; sourceTree = "<group>"; };
		DA84DA8F220BE7830036FE80 /* RankingStackViewCell.xib */ = {isa = PBXFileReference; lastKnownFileType = file.xib; path = RankingStackViewCell.xib; sourceTree = "<group>"; };
/* End PBXFileReference section */

/* Begin PBXFrameworksBuildPhase section */
		DA84DA67220BBA030036FE80 /* Frameworks */ = {
			isa = PBXFrameworksBuildPhase;
			buildActionMask = 2147483647;
			files = (
			);
			runOnlyForDeploymentPostprocessing = 0;
		};
/* End PBXFrameworksBuildPhase section */

/* Begin PBXGroup section */
		DA84DA61220BBA030036FE80 = {
			isa = PBXGroup;
			children = (
				DA84DA6C220BBA030036FE80 /* DynamicStackView */,
				DA84DA6B220BBA030036FE80 /* Products */,
			);
			sourceTree = "<group>";
		};
		DA84DA6B220BBA030036FE80 /* Products */ = {
			isa = PBXGroup;
			children = (
				DA84DA6A220BBA030036FE80 /* DynamicStackView.app */,
			);
			name = Products;
			sourceTree = "<group>";
		};
		DA84DA6C220BBA030036FE80 /* DynamicStackView */ = {
			isa = PBXGroup;
			children = (
				DA84DA86220BC1610036FE80 /* Example */,
				DA84DA7F220BBA0C0036FE80 /* DynamicStackView */,
				DA84DA6D220BBA030036FE80 /* AppDelegate.swift */,
				DA84DA6F220BBA030036FE80 /* ViewController.swift */,
				DA84DA71220BBA030036FE80 /* Main.storyboard */,
				DA84DA74220BBA040036FE80 /* Assets.xcassets */,
				DA84DA76220BBA040036FE80 /* LaunchScreen.storyboard */,
				DA84DA79220BBA040036FE80 /* Info.plist */,
				DA84DA8B220BE4F40036FE80 /* HorizontalViewController.swift */,
			);
			path = DynamicStackView;
			sourceTree = "<group>";
		};
		DA84DA7F220BBA0C0036FE80 /* DynamicStackView */ = {
			isa = PBXGroup;
			children = (
				DA84DA80220BBA1C0036FE80 /* DynamicStackView.swift */,
				DA84DA82220BBC270036FE80 /* DynamicStackViewCell.swift */,
			);
			path = DynamicStackView;
			sourceTree = "<group>";
		};
		DA84DA86220BC1610036FE80 /* Example */ = {
			isa = PBXGroup;
			children = (
				DA84DA87220BC18F0036FE80 /* MyStackViewCell.swift */,
				DA84DA89220BC1960036FE80 /* MyStackViewCell.xib */,
				DA84DA8D220BE7790036FE80 /* RankingStackViewCell.swift */,
				DA84DA8F220BE7830036FE80 /* RankingStackViewCell.xib */,
			);
			path = Example;
			sourceTree = "<group>";
		};
/* End PBXGroup section */

/* Begin PBXNativeTarget section */
		DA84DA69220BBA030036FE80 /* DynamicStackView */ = {
			isa = PBXNativeTarget;
			buildConfigurationList = DA84DA7C220BBA040036FE80 /* Build configuration list for PBXNativeTarget "DynamicStackView" */;
			buildPhases = (
				DA84DA66220BBA030036FE80 /* Sources */,
				DA84DA67220BBA030036FE80 /* Frameworks */,
				DA84DA68220BBA030036FE80 /* Resources */,
			);
			buildRules = (
			);
			dependencies = (
			);
			name = DynamicStackView;
			productName = DynamicStackView;
			productReference = DA84DA6A220BBA030036FE80 /* DynamicStackView.app */;
			productType = "com.apple.product-type.application";
		};
/* End PBXNativeTarget section */

/* Begin PBXProject section */
		DA84DA62220BBA030036FE80 /* Project object */ = {
			isa = PBXProject;
			attributes = {
				LastSwiftUpdateCheck = 1010;
				LastUpgradeCheck = 1010;
				ORGANIZATIONNAME = osanai;
				TargetAttributes = {
					DA84DA69220BBA030036FE80 = {
						CreatedOnToolsVersion = 10.1;
					};
				};
			};
			buildConfigurationList = DA84DA65220BBA030036FE80 /* Build configuration list for PBXProject "DynamicStackView" */;
			compatibilityVersion = "Xcode 9.3";
			developmentRegion = en;
			hasScannedForEncodings = 0;
			knownRegions = (
				en,
				Base,
			);
			mainGroup = DA84DA61220BBA030036FE80;
			productRefGroup = DA84DA6B220BBA030036FE80 /* Products */;
			projectDirPath = "";
			projectRoot = "";
			targets = (
				DA84DA69220BBA030036FE80 /* DynamicStackView */,
			);
		};
/* End PBXProject section */

/* Begin PBXResourcesBuildPhase section */
		DA84DA68220BBA030036FE80 /* Resources */ = {
			isa = PBXResourcesBuildPhase;
			buildActionMask = 2147483647;
			files = (
				DA84DA78220BBA040036FE80 /* LaunchScreen.storyboard in Resources */,
				DA84DA75220BBA040036FE80 /* Assets.xcassets in Resources */,
				DA84DA73220BBA030036FE80 /* Main.storyboard in Resources */,
				DA84DA8A220BC1960036FE80 /* MyStackViewCell.xib in Resources */,
				DA84DA90220BE7830036FE80 /* RankingStackViewCell.xib in Resources */,
			);
			runOnlyForDeploymentPostprocessing = 0;
		};
/* End PBXResourcesBuildPhase section */

/* Begin PBXSourcesBuildPhase section */
		DA84DA66220BBA030036FE80 /* Sources */ = {
			isa = PBXSourcesBuildPhase;
			buildActionMask = 2147483647;
			files = (
				DA84DA81220BBA1C0036FE80 /* DynamicStackView.swift in Sources */,
				DA84DA70220BBA030036FE80 /* ViewController.swift in Sources */,
				DA84DA88220BC18F0036FE80 /* MyStackViewCell.swift in Sources */,
				DA84DA8E220BE7790036FE80 /* RankingStackViewCell.swift in Sources */,
				DA84DA6E220BBA030036FE80 /* AppDelegate.swift in Sources */,
				DA84DA8C220BE4F40036FE80 /* HorizontalViewController.swift in Sources */,
				DA84DA83220BBC270036FE80 /* DynamicStackViewCell.swift in Sources */,
			);
			runOnlyForDeploymentPostprocessing = 0;
		};
/* End PBXSourcesBuildPhase section */

/* Begin PBXVariantGroup section */
		DA84DA71220BBA030036FE80 /* Main.storyboard */ = {
			isa = PBXVariantGroup;
			children = (
				DA84DA72220BBA030036FE80 /* Base */,
			);
			name = Main.storyboard;
			sourceTree = "<group>";
		};
		DA84DA76220BBA040036FE80 /* LaunchScreen.storyboard */ = {
			isa = PBXVariantGroup;
			children = (
				DA84DA77220BBA040036FE80 /* Base */,
			);
			name = LaunchScreen.storyboard;
			sourceTree = "<group>";
		};
/* End PBXVariantGroup section */

/* Begin XCBuildConfiguration section */
		DA84DA7A220BBA040036FE80 /* Debug */ = {
			isa = XCBuildConfiguration;
			buildSettings = {
				ALWAYS_SEARCH_USER_PATHS = NO;
				CLANG_ANALYZER_NONNULL = YES;
				CLANG_ANALYZER_NUMBER_OBJECT_CONVERSION = YES_AGGRESSIVE;
				CLANG_CXX_LANGUAGE_STANDARD = "gnu++14";
				CLANG_CXX_LIBRARY = "libc++";
				CLANG_ENABLE_MODULES = YES;
				CLANG_ENABLE_OBJC_ARC = YES;
				CLANG_ENABLE_OBJC_WEAK = YES;
				CLANG_WARN_BLOCK_CAPTURE_AUTORELEASING = YES;
				CLANG_WARN_BOOL_CONVERSION = YES;
				CLANG_WARN_COMMA = YES;
				CLANG_WARN_CONSTANT_CONVERSION = YES;
				CLANG_WARN_DEPRECATED_OBJC_IMPLEMENTATIONS = YES;
				CLANG_WARN_DIRECT_OBJC_ISA_USAGE = YES_ERROR;
				CLANG_WARN_DOCUMENTATION_COMMENTS = YES;
				CLANG_WARN_EMPTY_BODY = YES;
				CLANG_WARN_ENUM_CONVERSION = YES;
				CLANG_WARN_INFINITE_RECURSION = YES;
				CLANG_WARN_INT_CONVERSION = YES;
				CLANG_WARN_NON_LITERAL_NULL_CONVERSION = YES;
				CLANG_WARN_OBJC_IMPLICIT_RETAIN_SELF = YES;
				CLANG_WARN_OBJC_LITERAL_CONVERSION = YES;
				CLANG_WARN_OBJC_ROOT_CLASS = YES_ERROR;
				CLANG_WARN_RANGE_LOOP_ANALYSIS = YES;
				CLANG_WARN_STRICT_PROTOTYPES = YES;
				CLANG_WARN_SUSPICIOUS_MOVE = YES;
				CLANG_WARN_UNGUARDED_AVAILABILITY = YES_AGGRESSIVE;
				CLANG_WARN_UNREACHABLE_CODE = YES;
				CLANG_WARN__DUPLICATE_METHOD_MATCH = YES;
				CODE_SIGN_IDENTITY = "iPhone Developer";
				COPY_PHASE_STRIP = NO;
				DEBUG_INFORMATION_FORMAT = dwarf;
				ENABLE_STRICT_OBJC_MSGSEND = YES;
				ENABLE_TESTABILITY = YES;
				GCC_C_LANGUAGE_STANDARD = gnu11;
				GCC_DYNAMIC_NO_PIC = NO;
				GCC_NO_COMMON_BLOCKS = YES;
				GCC_OPTIMIZATION_LEVEL = 0;
				GCC_PREPROCESSOR_DEFINITIONS = (
					"DEBUG=1",
					"$(inherited)",
				);
				GCC_WARN_64_TO_32_BIT_CONVERSION = YES;
				GCC_WARN_ABOUT_RETURN_TYPE = YES_ERROR;
				GCC_WARN_UNDECLARED_SELECTOR = YES;
				GCC_WARN_UNINITIALIZED_AUTOS = YES_AGGRESSIVE;
				GCC_WARN_UNUSED_FUNCTION = YES;
				GCC_WARN_UNUSED_VARIABLE = YES;
				IPHONEOS_DEPLOYMENT_TARGET = 12.1;
				MTL_ENABLE_DEBUG_INFO = INCLUDE_SOURCE;
				MTL_FAST_MATH = YES;
				ONLY_ACTIVE_ARCH = YES;
				SDKROOT = iphoneos;
				SWIFT_ACTIVE_COMPILATION_CONDITIONS = DEBUG;
				SWIFT_OPTIMIZATION_LEVEL = "-Onone";
			};
			name = Debug;
		};
		DA84DA7B220BBA040036FE80 /* Release */ = {
			isa = XCBuildConfiguration;
			buildSettings = {
				ALWAYS_SEARCH_USER_PATHS = NO;
				CLANG_ANALYZER_NONNULL = YES;
				CLANG_ANALYZER_NUMBER_OBJECT_CONVERSION = YES_AGGRESSIVE;
				CLANG_CXX_LANGUAGE_STANDARD = "gnu++14";
				CLANG_CXX_LIBRARY = "libc++";
				CLANG_ENABLE_MODULES = YES;
				CLANG_ENABLE_OBJC_ARC = YES;
				CLANG_ENABLE_OBJC_WEAK = YES;
				CLANG_WARN_BLOCK_CAPTURE_AUTORELEASING = YES;
				CLANG_WARN_BOOL_CONVERSION = YES;
				CLANG_WARN_COMMA = YES;
				CLANG_WARN_CONSTANT_CONVERSION = YES;
				CLANG_WARN_DEPRECATED_OBJC_IMPLEMENTATIONS = YES;
				CLANG_WARN_DIRECT_OBJC_ISA_USAGE = YES_ERROR;
				CLANG_WARN_DOCUMENTATION_COMMENTS = YES;
				CLANG_WARN_EMPTY_BODY = YES;
				CLANG_WARN_ENUM_CONVERSION = YES;
				CLANG_WARN_INFINITE_RECURSION = YES;
				CLANG_WARN_INT_CONVERSION = YES;
				CLANG_WARN_NON_LITERAL_NULL_CONVERSION = YES;
				CLANG_WARN_OBJC_IMPLICIT_RETAIN_SELF = YES;
				CLANG_WARN_OBJC_LITERAL_CONVERSION = YES;
				CLANG_WARN_OBJC_ROOT_CLASS = YES_ERROR;
				CLANG_WARN_RANGE_LOOP_ANALYSIS = YES;
				CLANG_WARN_STRICT_PROTOTYPES = YES;
				CLANG_WARN_SUSPICIOUS_MOVE = YES;
				CLANG_WARN_UNGUARDED_AVAILABILITY = YES_AGGRESSIVE;
				CLANG_WARN_UNREACHABLE_CODE = YES;
				CLANG_WARN__DUPLICATE_METHOD_MATCH = YES;
				CODE_SIGN_IDENTITY = "iPhone Developer";
				COPY_PHASE_STRIP = NO;
				DEBUG_INFORMATION_FORMAT = "dwarf-with-dsym";
				ENABLE_NS_ASSERTIONS = NO;
				ENABLE_STRICT_OBJC_MSGSEND = YES;
				GCC_C_LANGUAGE_STANDARD = gnu11;
				GCC_NO_COMMON_BLOCKS = YES;
				GCC_WARN_64_TO_32_BIT_CONVERSION = YES;
				GCC_WARN_ABOUT_RETURN_TYPE = YES_ERROR;
				GCC_WARN_UNDECLARED_SELECTOR = YES;
				GCC_WARN_UNINITIALIZED_AUTOS = YES_AGGRESSIVE;
				GCC_WARN_UNUSED_FUNCTION = YES;
				GCC_WARN_UNUSED_VARIABLE = YES;
				IPHONEOS_DEPLOYMENT_TARGET = 12.1;
				MTL_ENABLE_DEBUG_INFO = NO;
				MTL_FAST_MATH = YES;
				SDKROOT = iphoneos;
				SWIFT_COMPILATION_MODE = wholemodule;
				SWIFT_OPTIMIZATION_LEVEL = "-O";
				VALIDATE_PRODUCT = YES;
			};
			name = Release;
		};
		DA84DA7D220BBA040036FE80 /* Debug */ = {
			isa = XCBuildConfiguration;
			buildSettings = {
				ASSETCATALOG_COMPILER_APPICON_NAME = AppIcon;
				CODE_SIGN_STYLE = Automatic;
				DEVELOPMENT_TEAM = U7MW83A3B2;
				INFOPLIST_FILE = DynamicStackView/Info.plist;
				LD_RUNPATH_SEARCH_PATHS = (
					"$(inherited)",
					"@executable_path/Frameworks",
				);
				PRODUCT_BUNDLE_IDENTIFIER = osanai.DynamicStackView;
				PRODUCT_NAME = "$(TARGET_NAME)";
				SWIFT_VERSION = 4.2;
				TARGETED_DEVICE_FAMILY = "1,2";
			};
			name = Debug;
		};
		DA84DA7E220BBA040036FE80 /* Release */ = {
			isa = XCBuildConfiguration;
			buildSettings = {
				ASSETCATALOG_COMPILER_APPICON_NAME = AppIcon;
				CODE_SIGN_STYLE = Automatic;
				DEVELOPMENT_TEAM = U7MW83A3B2;
				INFOPLIST_FILE = DynamicStackView/Info.plist;
				LD_RUNPATH_SEARCH_PATHS = (
					"$(inherited)",
					"@executable_path/Frameworks",
				);
				PRODUCT_BUNDLE_IDENTIFIER = osanai.DynamicStackView;
				PRODUCT_NAME = "$(TARGET_NAME)";
				SWIFT_VERSION = 4.2;
				TARGETED_DEVICE_FAMILY = "1,2";
			};
			name = Release;
		};
/* End XCBuildConfiguration section */

/* Begin XCConfigurationList section */
		DA84DA65220BBA030036FE80 /* Build configuration list for PBXProject "DynamicStackView" */ = {
			isa = XCConfigurationList;
			buildConfigurations = (
				DA84DA7A220BBA040036FE80 /* Debug */,
				DA84DA7B220BBA040036FE80 /* Release */,
			);
			defaultConfigurationIsVisible = 0;
			defaultConfigurationName = Release;
		};
		DA84DA7C220BBA040036FE80 /* Build configuration list for PBXNativeTarget "DynamicStackView" */ = {
			isa = XCConfigurationList;
			buildConfigurations = (
				DA84DA7D220BBA040036FE80 /* Debug */,
				DA84DA7E220BBA040036FE80 /* Release */,
			);
			defaultConfigurationIsVisible = 0;
			defaultConfigurationName = Release;
		};
/* End XCConfigurationList section */
	};
	rootObject = DA84DA62220BBA030036FE80 /* Project object */;
}
